github.com/schnerring/hugo-mod-json-resume v0.0.0-20231015171856-b4aaddadeb7e h1:rHZ5sEunSXAh+HF4ixgNVuRgTZNx/fTdNc+r9N9rDnU=
github.com/schnerring/hugo-mod-json-resume v0.0.0-20231015171856-b4aaddadeb7e/go.mod h1:an+FdylzRESQ2N+NuFK+iLerxnDRWbOqkxCDUXflGF4=
github.com/schnerring/hugo-theme-gruvbox v0.0.0-20230918060907-cca275b4845b h1:gbB753Q+hXl4yrw5gKLIkXF1XRXj8QV0X5DmJy5im7w=
github.com/schnerring/hugo-theme-gruvbox v0.0.0-20230918060907-cca275b4845b/go.mod h1:Y6yXLMEAH2K7CN8HMriVo6JUBhqECrcY6zYZ2YlWvaY=
